
Microsoft Visual Studio Solution File, Format Version 12.00
# Visual Studio Version 16
VisualStudioVersion = 16.0.31313.79
MinimumVisualStudioVersion = 10.0.40219.1
Project("{FAE04EC0-301F-11D3-BF4B-00C04F79EFBC}") = "ShapesQuiz", "ShapesQuiz\ShapesQuiz.csproj", "{7280B82C-7FB9-4523-86D8-73DC746AC406}"
EndProject
Global
	GlobalSection(SolutionConfigurationPlatforms) = preSolution
		Debug|Any CPU = Debug|Any CPU
		Release|Any CPU = Release|Any CPU
	EndGlobalSection
	GlobalSection(ProjectConfigurationPlatforms) = postSolution
		{7280B82C-7FB9-4523-86D8-73DC746AC406}.Debug|Any CPU.ActiveCfg = Debug|Any CPU
		{7280B82C-7FB9-4523-86D8-73DC746AC406}.Debug|Any CPU.Build.0 = Debug|Any CPU
		{7280B82C-7FB9-4523-86D8-73DC746AC406}.Release|Any CPU.ActiveCfg = Release|Any CPU
		{7280B82C-7FB9-4523-86D8-73DC746AC406}.Release|Any CPU.Build.0 = Release|Any CPU
	EndGlobalSection
	GlobalSection(SolutionProperties) = preSolution
		HideSolutionNode = FALSE
	EndGlobalSection
	GlobalSection(ExtensibilityGlobals) = postSolution
		SolutionGuid = {34470E68-C1D7-44D9-BBFD-0C49789B7871}
	EndGlobalSection
EndGlobal
